{
  "name": "Employee_Termination_Risk",
  "lockfileVersion": 3,
  "requires": true,
  "packages": {
    "": {
      "devDependencies": {
        "baseline-browser-mapping": "^2.9.18"
      }
    },
    "node_modules/baseline-browser-mapping": {
      "version": "2.9.18",
      "resolved": "https://registry.npmjs.org/baseline-browser-mapping/-/baseline-browser-mapping-2.9.18.tgz",
      "integrity": "sha512-e23vBV1ZLfjb9apvfPk4rHVu2ry6RIr2Wfs+O324okSidrX7pTAnEJPCh/O5BtRlr7QtZI7ktOP3vsqr7Z5XoA==",
      "dev": true,
      "license": "Apache-2.0",
      "bin": {
        "baseline-browser-mapping": "dist/cli.js"
      }
    }
  }
}
